// !$*UTF8*$!
{
	archiveVersion = 1;
	classes = {
	};
	objectVersion = 46;
	objects = {

/* Begin PBXBuildFile section */
		C539A4D91D30DD41005E0701 /* userInfo.png in Resources */ = {isa = PBXBuildFile; fileRef = C539A4CD1D30DD41005E0701 /* userInfo.png */; };
		C539A4DA1D30DD41005E0701 /* liked@2x.png in Resources */ = {isa = PBXBuildFile; fileRef = C539A4CE1D30DD41005E0701 /* liked@2x.png */; };
		C539A4DB1D30DD41005E0701 /* nope@2x.png in Resources */ = {isa = PBXBuildFile; fileRef = C539A4CF1D30DD41005E0701 /* nope@2x.png */; };
		C539A4DC1D30DD41005E0701 /* image_1.jpg in Resources */ = {isa = PBXBuildFile; fileRef = C539A4D01D30DD41005E0701 /* image_1.jpg */; };
		C539A4DD1D30DD41005E0701 /* image_2.jpg in Resources */ = {isa = PBXBuildFile; fileRef = C539A4D11D30DD41005E0701 /* image_2.jpg */; };
		C539A4DE1D30DD41005E0701 /* image_3.jpg in Resources */ = {isa = PBXBuildFile; fileRef = C539A4D21D30DD41005E0701 /* image_3.jpg */; };
		C539A4DF1D30DD41005E0701 /* image_4.jpg in Resources */ = {isa = PBXBuildFile; fileRef = C539A4D31D30DD41005E0701 /* image_4.jpg */; };
		C539A4E01D30DD41005E0701 /* image_5.jpg in Resources */ = {isa = PBXBuildFile; fileRef = C539A4D41D30DD41005E0701 /* image_5.jpg */; };
		C539A4E11D30DD41005E0701 /* image_6.jpg in Resources */ = {isa = PBXBuildFile; fileRef = C539A4D51D30DD41005E0701 /* image_6.jpg */; };
		C539A4E21D30DD41005E0701 /* image_7.jpg in Resources */ = {isa = PBXBuildFile; fileRef = C539A4D61D30DD41005E0701 /* image_7.jpg */; };
		C539A4E31D30DD41005E0701 /* image_8.jpg in Resources */ = {isa = PBXBuildFile; fileRef = C539A4D71D30DD41005E0701 /* image_8.jpg */; };
		C539A4E41D30DD41005E0701 /* image_9.jpg in Resources */ = {isa = PBXBuildFile; fileRef = C539A4D81D30DD41005E0701 /* image_9.jpg */; };
		C54763EB1D2CA13100736B09 /* main.m in Sources */ = {isa = PBXBuildFile; fileRef = C54763EA1D2CA13100736B09 /* main.m */; };
		C54763EE1D2CA13100736B09 /* AppDelegate.m in Sources */ = {isa = PBXBuildFile; fileRef = C54763ED1D2CA13100736B09 /* AppDelegate.m */; };
		C54763F41D2CA13100736B09 /* Main.storyboard in Resources */ = {isa = PBXBuildFile; fileRef = C54763F21D2CA13100736B09 /* Main.storyboard */; };
		C54763F61D2CA13100736B09 /* Assets.xcassets in Resources */ = {isa = PBXBuildFile; fileRef = C54763F51D2CA13100736B09 /* Assets.xcassets */; };
		C54763F91D2CA13100736B09 /* LaunchScreen.storyboard in Resources */ = {isa = PBXBuildFile; fileRef = C54763F71D2CA13100736B09 /* LaunchScreen.storyboard */; };
		C54764041D2CA13100736B09 /* CCDraggableCard_MasterTests.m in Sources */ = {isa = PBXBuildFile; fileRef = C54764031D2CA13100736B09 /* CCDraggableCard_MasterTests.m */; };
		C547640F1D2CA13100736B09 /* CCDraggableCard_MasterUITests.m in Sources */ = {isa = PBXBuildFile; fileRef = C547640E1D2CA13100736B09 /* CCDraggableCard_MasterUITests.m */; };
		C54764251D2CADD500736B09 /* CCDraggableContainer.m in Sources */ = {isa = PBXBuildFile; fileRef = C54764241D2CADD500736B09 /* CCDraggableContainer.m */; };
		C55A227B1DE7DDB500446E06 /* CustomCardView.m in Sources */ = {isa = PBXBuildFile; fileRef = C55A22781DE7DDB500446E06 /* CustomCardView.m */; };
		C55A227F1DE7DEC800446E06 /* MainViewController.m in Sources */ = {isa = PBXBuildFile; fileRef = C55A227E1DE7DEC800446E06 /* MainViewController.m */; };
		C55A22821DE7E11000446E06 /* CodeViewController.m in Sources */ = {isa = PBXBuildFile; fileRef = C55A22811DE7E11000446E06 /* CodeViewController.m */; };
		C55C9F701D2CDE910014447A /* CCDraggableCardView.m in Sources */ = {isa = PBXBuildFile; fileRef = C55C9F6F1D2CDE910014447A /* CCDraggableCardView.m */; };
		C57B7F941E02366D00372A07 /* XibViewController.m in Sources */ = {isa = PBXBuildFile; fileRef = C57B7F921E02366D00372A07 /* XibViewController.m */; };
		C57B7F951E02366D00372A07 /* XibViewController.xib in Resources */ = {isa = PBXBuildFile; fileRef = C57B7F931E02366D00372A07 /* XibViewController.xib */; };
/* End PBXBuildFile section */

/* Begin PBXContainerItemProxy section */
		C54764001D2CA13100736B09 /* PBXContainerItemProxy */ = {
			isa = PBXContainerItemProxy;
			containerPortal = C54763DE1D2CA13100736B09 /* Project object */;
			proxyType = 1;
			remoteGlobalIDString = C54763E51D2CA13100736B09;
			remoteInfo = "CCDraggableCard-Master";
		};
		C547640B1D2CA13100736B09 /* PBXContainerItemProxy */ = {
			isa = PBXContainerItemProxy;
			containerPortal = C54763DE1D2CA13100736B09 /* Project object */;
			proxyType = 1;
			remoteGlobalIDString = C54763E51D2CA13100736B09;
			remoteInfo = "CCDraggableCard-Master";
		};
/* End PBXContainerItemProxy section */

/* Begin PBXFileReference section */
		C539A4CD1D30DD41005E0701 /* userInfo.png */ = {isa = PBXFileReference; lastKnownFileType = image.png; path = userInfo.png; sourceTree = "<group>"; };
		C539A4CE1D30DD41005E0701 /* liked@2x.png */ = {isa = PBXFileReference; lastKnownFileType = image.png; path = "liked@2x.png"; sourceTree = "<group>"; };
		C539A4CF1D30DD41005E0701 /* nope@2x.png */ = {isa = PBXFileReference; lastKnownFileType = image.png; path = "nope@2x.png"; sourceTree = "<group>"; };
		C539A4D01D30DD41005E0701 /* image_1.jpg */ = {isa = PBXFileReference; lastKnownFileType = image.jpeg; path = image_1.jpg; sourceTree = "<group>"; };
		C539A4D11D30DD41005E0701 /* image_2.jpg */ = {isa = PBXFileReference; lastKnownFileType = image.jpeg; path = image_2.jpg; sourceTree = "<group>"; };
		C539A4D21D30DD41005E0701 /* image_3.jpg */ = {isa = PBXFileReference; lastKnownFileType = image.jpeg; path = image_3.jpg; sourceTree = "<group>"; };
		C539A4D31D30DD41005E0701 /* image_4.jpg */ = {isa = PBXFileReference; lastKnownFileType = image.jpeg; path = image_4.jpg; sourceTree = "<group>"; };
		C539A4D41D30DD41005E0701 /* image_5.jpg */ = {isa = PBXFileReference; lastKnownFileType = image.jpeg; path = image_5.jpg; sourceTree = "<group>"; };
		C539A4D51D30DD41005E0701 /* image_6.jpg */ = {isa = PBXFileReference; lastKnownFileType = image.jpeg; path = image_6.jpg; sourceTree = "<group>"; };
		C539A4D61D30DD41005E0701 /* image_7.jpg */ = {isa = PBXFileReference; lastKnownFileType = image.jpeg; path = image_7.jpg; sourceTree = "<group>"; };
		C539A4D71D30DD41005E0701 /* image_8.jpg */ = {isa = PBXFileReference; lastKnownFileType = image.jpeg; path = image_8.jpg; sourceTree = "<group>"; };
		C539A4D81D30DD41005E0701 /* image_9.jpg */ = {isa = PBXFileReference; lastKnownFileType = image.jpeg; path = image_9.jpg; sourceTree = "<group>"; };
		C54763E61D2CA13100736B09 /* CCDraggableCard-Master.app */ = {isa = PBXFileReference; explicitFileType = wrapper.application; includeInIndex = 0; path = "CCDraggableCard-Master.app"; sourceTree = BUILT_PRODUCTS_DIR; };
		C54763EA1D2CA13100736B09 /* main.m */ = {isa = PBXFileReference; lastKnownFileType = sourcecode.c.objc; path = main.m; sourceTree = "<group>"; };
		C54763EC1D2CA13100736B09 /* AppDelegate.h */ = {isa = PBXFileReference; lastKnownFileType = sourcecode.c.h; path = AppDelegate.h; sourceTree = "<group>"; };
		C54763ED1D2CA13100736B09 /* AppDelegate.m */ = {isa = PBXFileReference; lastKnownFileType = sourcecode.c.objc; path = AppDelegate.m; sourceTree = "<group>"; };
		C54763F31D2CA13100736B09 /* Base */ = {isa = PBXFileReference; lastKnownFileType = file.storyboard; name = Base; path = Base.lproj/Main.storyboard; sourceTree = "<group>"; };
		C54763F51D2CA13100736B09 /* Assets.xcassets */ = {isa = PBXFileReference; lastKnownFileType = folder.assetcatalog; path = Assets.xcassets; sourceTree = "<group>"; };
		C54763F81D2CA13100736B09 /* Base */ = {isa = PBXFileReference; lastKnownFileType = file.storyboard; name = Base; path = Base.lproj/LaunchScreen.storyboard; sourceTree = "<group>"; };
		C54763FA1D2CA13100736B09 /* Info.plist */ = {isa = PBXFileReference; lastKnownFileType = text.plist.xml; path = Info.plist; sourceTree = "<group>"; };
		C54763FF1D2CA13100736B09 /* CCDraggableCard-MasterTests.xctest */ = {isa = PBXFileReference; explicitFileType = wrapper.cfbundle; includeInIndex = 0; path = "CCDraggableCard-MasterTests.xctest"; sourceTree = BUILT_PRODUCTS_DIR; };
		C54764031D2CA13100736B09 /* CCDraggableCard_MasterTests.m */ = {isa = PBXFileReference; lastKnownFileType = sourcecode.c.objc; path = CCDraggableCard_MasterTests.m; sourceTree = "<group>"; };
		C54764051D2CA13100736B09 /* Info.plist */ = {isa = PBXFileReference; lastKnownFileType = text.plist.xml; path = Info.plist; sourceTree = "<group>"; };
		C547640A1D2CA13100736B09 /* CCDraggableCard-MasterUITests.xctest */ = {isa = PBXFileReference; explicitFileType = wrapper.cfbundle; includeInIndex = 0; path = "CCDraggableCard-MasterUITests.xctest"; sourceTree = BUILT_PRODUCTS_DIR; };
		C547640E1D2CA13100736B09 /* CCDraggableCard_MasterUITests.m */ = {isa = PBXFileReference; lastKnownFileType = sourcecode.c.objc; path = CCDraggableCard_MasterUITests.m; sourceTree = "<group>"; };
		C54764101D2CA13100736B09 /* Info.plist */ = {isa = PBXFileReference; lastKnownFileType = text.plist.xml; path = Info.plist; sourceTree = "<group>"; };
		C54764231D2CADD500736B09 /* CCDraggableContainer.h */ = {isa = PBXFileReference; fileEncoding = 4; lastKnownFileType = sourcecode.c.h; path = CCDraggableContainer.h; sourceTree = "<group>"; };
		C54764241D2CADD500736B09 /* CCDraggableContainer.m */ = {isa = PBXFileReference; fileEncoding = 4; lastKnownFileType = sourcecode.c.objc; path = CCDraggableContainer.m; sourceTree = "<group>"; };
		C55A22771DE7DDB500446E06 /* CustomCardView.h */ = {isa = PBXFileReference; fileEncoding = 4; lastKnownFileType = sourcecode.c.h; path = CustomCardView.h; sourceTree = "<group>"; };
		C55A22781DE7DDB500446E06 /* CustomCardView.m */ = {isa = PBXFileReference; fileEncoding = 4; lastKnownFileType = sourcecode.c.objc; path = CustomCardView.m; sourceTree = "<group>"; };
		C55A227D1DE7DEC800446E06 /* MainViewController.h */ = {isa = PBXFileReference; fileEncoding = 4; lastKnownFileType = sourcecode.c.h; path = MainViewController.h; sourceTree = "<group>"; };
		C55A227E1DE7DEC800446E06 /* MainViewController.m */ = {isa = PBXFileReference; fileEncoding = 4; lastKnownFileType = sourcecode.c.objc; path = MainViewController.m; sourceTree = "<group>"; };
		C55A22801DE7E11000446E06 /* CodeViewController.h */ = {isa = PBXFileReference; fileEncoding = 4; lastKnownFileType = sourcecode.c.h; path = CodeViewController.h; sourceTree = "<group>"; };
		C55A22811DE7E11000446E06 /* CodeViewController.m */ = {isa = PBXFileReference; fileEncoding = 4; lastKnownFileType = sourcecode.c.objc; path = CodeViewController.m; sourceTree = "<group>"; };
		C55C9F6E1D2CDE910014447A /* CCDraggableCardView.h */ = {isa = PBXFileReference; fileEncoding = 4; lastKnownFileType = sourcecode.c.h; path = CCDraggableCardView.h; sourceTree = "<group>"; };
		C55C9F6F1D2CDE910014447A /* CCDraggableCardView.m */ = {isa = PBXFileReference; fileEncoding = 4; lastKnownFileType = sourcecode.c.objc; path = CCDraggableCardView.m; sourceTree = "<group>"; };
		C55C9F721D2CEBF60014447A /* CCDraggableConfig.h */ = {isa = PBXFileReference; lastKnownFileType = sourcecode.c.h; path = CCDraggableConfig.h; sourceTree = "<group>"; };
		C57B7F911E02366D00372A07 /* XibViewController.h */ = {isa = PBXFileReference; fileEncoding = 4; lastKnownFileType = sourcecode.c.h; path = XibViewController.h; sourceTree = "<group>"; };
		C57B7F921E02366D00372A07 /* XibViewController.m */ = {isa = PBXFileReference; fileEncoding = 4; lastKnownFileType = sourcecode.c.objc; path = XibViewController.m; sourceTree = "<group>"; };
		C57B7F931E02366D00372A07 /* XibViewController.xib */ = {isa = PBXFileReference; fileEncoding = 4; lastKnownFileType = file.xib; path = XibViewController.xib; sourceTree = "<group>"; };
/* End PBXFileReference section */

/* Begin PBXFrameworksBuildPhase section */
		C54763E31D2CA13100736B09 /* Frameworks */ = {
			isa = PBXFrameworksBuildPhase;
			buildActionMask = 2147483647;
			files = (
			);
			runOnlyForDeploymentPostprocessing = 0;
		};
		C54763FC1D2CA13100736B09 /* Frameworks */ = {
			isa = PBXFrameworksBuildPhase;
			buildActionMask = 2147483647;
			files = (
			);
			runOnlyForDeploymentPostprocessing = 0;
		};
		C54764071D2CA13100736B09 /* Frameworks */ = {
			isa = PBXFrameworksBuildPhase;
			buildActionMask = 2147483647;
			files = (
			);
			runOnlyForDeploymentPostprocessing = 0;
		};
/* End PBXFrameworksBuildPhase section */

/* Begin PBXGroup section */
		C54763DD1D2CA13100736B09 = {
			isa = PBXGroup;
			children = (
				C54763E81D2CA13100736B09 /* CCDraggableCard-Master */,
				C54764021D2CA13100736B09 /* CCDraggableCard-MasterTests */,
				C547640D1D2CA13100736B09 /* CCDraggableCard-MasterUITests */,
				C54763E71D2CA13100736B09 /* Products */,
			);
			sourceTree = "<group>";
		};
		C54763E71D2CA13100736B09 /* Products */ = {
			isa = PBXGroup;
			children = (
				C54763E61D2CA13100736B09 /* CCDraggableCard-Master.app */,
				C54763FF1D2CA13100736B09 /* CCDraggableCard-MasterTests.xctest */,
				C547640A1D2CA13100736B09 /* CCDraggableCard-MasterUITests.xctest */,
			);
			name = Products;
			sourceTree = "<group>";
		};
		C54763E81D2CA13100736B09 /* CCDraggableCard-Master */ = {
			isa = PBXGroup;
			children = (
				C55A22761DE7DDB500446E06 /* Class */,
				C55C9F571D2CDBA90014447A /* Resources */,
				C547641C1D2CA18500736B09 /* CCDraggableCard */,
				C54763EC1D2CA13100736B09 /* AppDelegate.h */,
				C54763ED1D2CA13100736B09 /* AppDelegate.m */,
				C54763F21D2CA13100736B09 /* Main.storyboard */,
				C54763F51D2CA13100736B09 /* Assets.xcassets */,
				C54763F71D2CA13100736B09 /* LaunchScreen.storyboard */,
				C54763FA1D2CA13100736B09 /* Info.plist */,
				C54763E91D2CA13100736B09 /* Supporting Files */,
			);
			path = "CCDraggableCard-Master";
			sourceTree = "<group>";
		};
		C54763E91D2CA13100736B09 /* Supporting Files */ = {
			isa = PBXGroup;
			children = (
				C54763EA1D2CA13100736B09 /* main.m */,
			);
			name = "Supporting Files";
			sourceTree = "<group>";
		};
		C54764021D2CA13100736B09 /* CCDraggableCard-MasterTests */ = {
			isa = PBXGroup;
			children = (
				C54764031D2CA13100736B09 /* CCDraggableCard_MasterTests.m */,
				C54764051D2CA13100736B09 /* Info.plist */,
			);
			path = "CCDraggableCard-MasterTests";
			sourceTree = "<group>";
		};
		C547640D1D2CA13100736B09 /* CCDraggableCard-MasterUITests */ = {
			isa = PBXGroup;
			children = (
				C547640E1D2CA13100736B09 /* CCDraggableCard_MasterUITests.m */,
				C54764101D2CA13100736B09 /* Info.plist */,
			);
			path = "CCDraggableCard-MasterUITests";
			sourceTree = "<group>";
		};
		C547641C1D2CA18500736B09 /* CCDraggableCard */ = {
			isa = PBXGroup;
			children = (
				C54764231D2CADD500736B09 /* CCDraggableContainer.h */,
				C54764241D2CADD500736B09 /* CCDraggableContainer.m */,
				C55C9F6E1D2CDE910014447A /* CCDraggableCardView.h */,
				C55C9F6F1D2CDE910014447A /* CCDraggableCardView.m */,
				C55C9F721D2CEBF60014447A /* CCDraggableConfig.h */,
			);
			path = CCDraggableCard;
			sourceTree = "<group>";
		};
		C55A22761DE7DDB500446E06 /* Class */ = {
			isa = PBXGroup;
			children = (
				C55A22771DE7DDB500446E06 /* CustomCardView.h */,
				C55A22781DE7DDB500446E06 /* CustomCardView.m */,
				C57B7F911E02366D00372A07 /* XibViewController.h */,
				C57B7F921E02366D00372A07 /* XibViewController.m */,
				C57B7F931E02366D00372A07 /* XibViewController.xib */,
				C55A227D1DE7DEC800446E06 /* MainViewController.h */,
				C55A227E1DE7DEC800446E06 /* MainViewController.m */,
				C55A22801DE7E11000446E06 /* CodeViewController.h */,
				C55A22811DE7E11000446E06 /* CodeViewController.m */,
			);
			path = Class;
			sourceTree = "<group>";
		};
		C55C9F571D2CDBA90014447A /* Resources */ = {
			isa = PBXGroup;
			children = (
				C539A4CD1D30DD41005E0701 /* userInfo.png */,
				C539A4CE1D30DD41005E0701 /* liked@2x.png */,
				C539A4CF1D30DD41005E0701 /* nope@2x.png */,
				C539A4D01D30DD41005E0701 /* image_1.jpg */,
				C539A4D11D30DD41005E0701 /* image_2.jpg */,
				C539A4D21D30DD41005E0701 /* image_3.jpg */,
				C539A4D31D30DD41005E0701 /* image_4.jpg */,
				C539A4D41D30DD41005E0701 /* image_5.jpg */,
				C539A4D51D30DD41005E0701 /* image_6.jpg */,
				C539A4D61D30DD41005E0701 /* image_7.jpg */,
				C539A4D71D30DD41005E0701 /* image_8.jpg */,
				C539A4D81D30DD41005E0701 /* image_9.jpg */,
			);
			path = Resources;
			sourceTree = "<group>";
		};
/* End PBXGroup section */

/* Begin PBXNativeTarget section */
		C54763E51D2CA13100736B09 /* CCDraggableCard-Master */ = {
			isa = PBXNativeTarget;
			buildConfigurationList = C54764131D2CA13100736B09 /* Build configuration list for PBXNativeTarget "CCDraggableCard-Master" */;
			buildPhases = (
				C54763E21D2CA13100736B09 /* Sources */,
				C54763E31D2CA13100736B09 /* Frameworks */,
				C54763E41D2CA13100736B09 /* Resources */,
			);
			buildRules = (
			);
			dependencies = (
			);
			name = "CCDraggableCard-Master";
			productName = "CCDraggableCard-Master";
			productReference = C54763E61D2CA13100736B09 /* CCDraggableCard-Master.app */;
			productType = "com.apple.product-type.application";
		};
		C54763FE1D2CA13100736B09 /* CCDraggableCard-MasterTests */ = {
			isa = PBXNativeTarget;
			buildConfigurationList = C54764161D2CA13100736B09 /* Build configuration list for PBXNativeTarget "CCDraggableCard-MasterTests" */;
			buildPhases = (
				C54763FB1D2CA13100736B09 /* Sources */,
				C54763FC1D2CA13100736B09 /* Frameworks */,
				C54763FD1D2CA13100736B09 /* Resources */,
			);
			buildRules = (
			);
			dependencies = (
				C54764011D2CA13100736B09 /* PBXTargetDependency */,
			);
			name = "CCDraggableCard-MasterTests";
			productName = "CCDraggableCard-MasterTests";
			productReference = C54763FF1D2CA13100736B09 /* CCDraggableCard-MasterTests.xctest */;
			productType = "com.apple.product-type.bundle.unit-test";
		};
		C54764091D2CA13100736B09 /* CCDraggableCard-MasterUITests */ = {
			isa = PBXNativeTarget;
			buildConfigurationList = C54764191D2CA13100736B09 /* Build configuration list for PBXNativeTarget "CCDraggableCard-MasterUITests" */;
			buildPhases = (
				C54764061D2CA13100736B09 /* Sources */,
				C54764071D2CA13100736B09 /* Frameworks */,
				C54764081D2CA13100736B09 /* Resources */,
			);
			buildRules = (
			);
			dependencies = (
				C547640C1D2CA13100736B09 /* PBXTargetDependency */,
			);
			name = "CCDraggableCard-MasterUITests";
			productName = "CCDraggableCard-MasterUITests";
			productReference = C547640A1D2CA13100736B09 /* CCDraggableCard-MasterUITests.xctest */;
			productType = "com.apple.product-type.bundle.ui-testing";
		};
/* End PBXNativeTarget section */

/* Begin PBXProject section */
		C54763DE1D2CA13100736B09 /* Project object */ = {
			isa = PBXProject;
			attributes = {
				LastUpgradeCheck = 0800;
				ORGANIZATIONNAME = "Zechen Liu";
				TargetAttributes = {
					C54763E51D2CA13100736B09 = {
						CreatedOnToolsVersion = 7.3;
						DevelopmentTeam = X4U9VCM9CZ;
						ProvisioningStyle = Automatic;
					};
					C54763FE1D2CA13100736B09 = {
						CreatedOnToolsVersion = 7.3;
						TestTargetID = C54763E51D2CA13100736B09;
					};
					C54764091D2CA13100736B09 = {
						CreatedOnToolsVersion = 7.3;
						TestTargetID = C54763E51D2CA13100736B09;
					};
				};
			};
			buildConfigurationList = C54763E11D2CA13100736B09 /* Build configuration list for PBXProject "CCDraggableCard-Master" */;
			compatibilityVersion = "Xcode 3.2";
			developmentRegion = English;
			hasScannedForEncodings = 0;
			knownRegions = (
				en,
				Base,
			);
			mainGroup = C54763DD1D2CA13100736B09;
			productRefGroup = C54763E71D2CA13100736B09 /* Products */;
			projectDirPath = "";
			projectRoot = "";
			targets = (
				C54763E51D2CA13100736B09 /* CCDraggableCard-Master */,
				C54763FE1D2CA13100736B09 /* CCDraggableCard-MasterTests */,
				C54764091D2CA13100736B09 /* CCDraggableCard-MasterUITests */,
			);
		};
/* End PBXProject section */

/* Begin PBXResourcesBuildPhase section */
		C54763E41D2CA13100736B09 /* Resources */ = {
			isa = PBXResourcesBuildPhase;
			buildActionMask = 2147483647;
			files = (
				C539A4DD1D30DD41005E0701 /* image_2.jpg in Resources */,
				C539A4E31D30DD41005E0701 /* image_8.jpg in Resources */,
				C539A4D91D30DD41005E0701 /* userInfo.png in Resources */,
				C539A4E21D30DD41005E0701 /* image_7.jpg in Resources */,
				C539A4E41D30DD41005E0701 /* image_9.jpg in Resources */,
				C539A4DB1D30DD41005E0701 /* nope@2x.png in Resources */,
				C539A4E11D30DD41005E0701 /* image_6.jpg in Resources */,
				C54763F91D2CA13100736B09 /* LaunchScreen.storyboard in Resources */,
				C539A4DC1D30DD41005E0701 /* image_1.jpg in Resources */,
				C539A4DA1D30DD41005E0701 /* liked@2x.png in Resources */,
				C54763F61D2CA13100736B09 /* Assets.xcassets in Resources */,
				C54763F41D2CA13100736B09 /* Main.storyboard in Resources */,
				C539A4E01D30DD41005E0701 /* image_5.jpg in Resources */,
				C539A4DF1D30DD41005E0701 /* image_4.jpg in Resources */,
				C57B7F951E02366D00372A07 /* XibViewController.xib in Resources */,
				C539A4DE1D30DD41005E0701 /* image_3.jpg in Resources */,
			);
			runOnlyForDeploymentPostprocessing = 0;
		};
		C54763FD1D2CA13100736B09 /* Resources */ = {
			isa = PBXResourcesBuildPhase;
			buildActionMask = 2147483647;
			files = (
			);
			runOnlyForDeploymentPostprocessing = 0;
		};
		C54764081D2CA13100736B09 /* Resources */ = {
			isa = PBXResourcesBuildPhase;
			buildActionMask = 2147483647;
			files = (
			);
			runOnlyForDeploymentPostprocessing = 0;
		};
/* End PBXResourcesBuildPhase section */

/* Begin PBXSourcesBuildPhase section */
		C54763E21D2CA13100736B09 /* Sources */ = {
			isa = PBXSourcesBuildPhase;
			buildActionMask = 2147483647;
			files = (
				C55A22821DE7E11000446E06 /* CodeViewController.m in Sources */,
				C54764251D2CADD500736B09 /* CCDraggableContainer.m in Sources */,
				C54763EE1D2CA13100736B09 /* AppDelegate.m in Sources */,
				C54763EB1D2CA13100736B09 /* main.m in Sources */,
				C55A227F1DE7DEC800446E06 /* MainViewController.m in Sources */,
				C55A227B1DE7DDB500446E06 /* CustomCardView.m in Sources */,
				C55C9F701D2CDE910014447A /* CCDraggableCardView.m in Sources */,
				C57B7F941E02366D00372A07 /* XibViewController.m in Sources */,
			);
			runOnlyForDeploymentPostprocessing = 0;
		};
		C54763FB1D2CA13100736B09 /* Sources */ = {
			isa = PBXSourcesBuildPhase;
			buildActionMask = 2147483647;
			files = (
				C54764041D2CA13100736B09 /* CCDraggableCard_MasterTests.m in Sources */,
			);
			runOnlyForDeploymentPostprocessing = 0;
		};
		C54764061D2CA13100736B09 /* Sources */ = {
			isa = PBXSourcesBuildPhase;
			buildActionMask = 2147483647;
			files = (
				C547640F1D2CA13100736B09 /* CCDraggableCard_MasterUITests.m in Sources */,
			);
			runOnlyForDeploymentPostprocessing = 0;
		};
/* End PBXSourcesBuildPhase section */

/* Begin PBXTargetDependency section */
		C54764011D2CA13100736B09 /* PBXTargetDependency */ = {
			isa = PBXTargetDependency;
			target = C54763E51D2CA13100736B09 /* CCDraggableCard-Master */;
			targetProxy = C54764001D2CA13100736B09 /* PBXContainerItemProxy */;
		};
		C547640C1D2CA13100736B09 /* PBXTargetDependency */ = {
			isa = PBXTargetDependency;
			target = C54763E51D2CA13100736B09 /* CCDraggableCard-Master */;
			targetProxy = C547640B1D2CA13100736B09 /* PBXContainerItemProxy */;
		};
/* End PBXTargetDependency section */

/* Begin PBXVariantGroup section */
		C54763F21D2CA13100736B09 /* Main.storyboard */ = {
			isa = PBXVariantGroup;
			children = (
				C54763F31D2CA13100736B09 /* Base */,
			);
			name = Main.storyboard;
			sourceTree = "<group>";
		};
		C54763F71D2CA13100736B09 /* LaunchScreen.storyboard */ = {
			isa = PBXVariantGroup;
			children = (
				C54763F81D2CA13100736B09 /* Base */,
			);
			name = LaunchScreen.storyboard;
			sourceTree = "<group>";
		};
/* End PBXVariantGroup section */

/* Begin XCBuildConfiguration section */
		C54764111D2CA13100736B09 /* Debug */ = {
			isa = XCBuildConfiguration;
			buildSettings = {
				ALWAYS_SEARCH_USER_PATHS = NO;
				CLANG_ANALYZER_NONNULL = YES;
				CLANG_CXX_LANGUAGE_STANDARD = "gnu++0x";
				CLANG_CXX_LIBRARY = "libc++";
				CLANG_ENABLE_MODULES = YES;
				CLANG_ENABLE_OBJC_ARC = YES;
				CLANG_WARN_BOOL_CONVERSION = YES;
				CLANG_WARN_CONSTANT_CONVERSION = YES;
				CLANG_WARN_DIRECT_OBJC_ISA_USAGE = YES_ERROR;
				CLANG_WARN_EMPTY_BODY = YES;
				CLANG_WARN_ENUM_CONVERSION = YES;
				CLANG_WARN_INFINITE_RECURSION = YES;
				CLANG_WARN_INT_CONVERSION = YES;
				CLANG_WARN_OBJC_ROOT_CLASS = YES_ERROR;
				CLANG_WARN_SUSPICIOUS_MOVE = YES;
				CLANG_WARN_UNREACHABLE_CODE = YES;
				CLANG_WARN__DUPLICATE_METHOD_MATCH = YES;
				"CODE_SIGN_IDENTITY[sdk=iphoneos*]" = "iPhone Developer";
				COPY_PHASE_STRIP = NO;
				DEBUG_INFORMATION_FORMAT = dwarf;
				ENABLE_STRICT_OBJC_MSGSEND = YES;
				ENABLE_TESTABILITY = YES;
				GCC_C_LANGUAGE_STANDARD = gnu99;
				GCC_DYNAMIC_NO_PIC = NO;
				GCC_NO_COMMON_BLOCKS = YES;
				GCC_OPTIMIZATION_LEVEL = 0;
				GCC_PREPROCESSOR_DEFINITIONS = (
					"DEBUG=1",
					"$(inherited)",
				);
				GCC_WARN_64_TO_32_BIT_CONVERSION = YES;
				GCC_WARN_ABOUT_RETURN_TYPE = YES_ERROR;
				GCC_WARN_UNDECLARED_SELECTOR = YES;
				GCC_WARN_UNINITIALIZED_AUTOS = YES_AGGRESSIVE;
				GCC_WARN_UNUSED_FUNCTION = YES;
				GCC_WARN_UNUSED_VARIABLE = YES;
				IPHONEOS_DEPLOYMENT_TARGET = 9.3;
				MTL_ENABLE_DEBUG_INFO = YES;
				ONLY_ACTIVE_ARCH = YES;
				SDKROOT = iphoneos;
				TARGETED_DEVICE_FAMILY = "1,2";
			};
			name = Debug;
		};
		C54764121D2CA13100736B09 /* Release */ = {
			isa = XCBuildConfiguration;
			buildSettings = {
				ALWAYS_SEARCH_USER_PATHS = NO;
				CLANG_ANALYZER_NONNULL = YES;
				CLANG_CXX_LANGUAGE_STANDARD = "gnu++0x";
				CLANG_CXX_LIBRARY = "libc++";
				CLANG_ENABLE_MODULES = YES;
				CLANG_ENABLE_OBJC_ARC = YES;
				CLANG_WARN_BOOL_CONVERSION = YES;
				CLANG_WARN_CONSTANT_CONVERSION = YES;
				CLANG_WARN_DIRECT_OBJC_ISA_USAGE = YES_ERROR;
				CLANG_WARN_EMPTY_BODY = YES;
				CLANG_WARN_ENUM_CONVERSION = YES;
				CLANG_WARN_INFINITE_RECURSION = YES;
				CLANG_WARN_INT_CONVERSION = YES;
				CLANG_WARN_OBJC_ROOT_CLASS = YES_ERROR;
				CLANG_WARN_SUSPICIOUS_MOVE = YES;
				CLANG_WARN_UNREACHABLE_CODE = YES;
				CLANG_WARN__DUPLICATE_METHOD_MATCH = YES;
				"CODE_SIGN_IDENTITY[sdk=iphoneos*]" = "iPhone Developer";
				COPY_PHASE_STRIP = NO;
				DEBUG_INFORMATION_FORMAT = "dwarf-with-dsym";
				ENABLE_NS_ASSERTIONS = NO;
				ENABLE_STRICT_OBJC_MSGSEND = YES;
				GCC_C_LANGUAGE_STANDARD = gnu99;
				GCC_NO_COMMON_BLOCKS = YES;
				GCC_WARN_64_TO_32_BIT_CONVERSION = YES;
				GCC_WARN_ABOUT_RETURN_TYPE = YES_ERROR;
				GCC_WARN_UNDECLARED_SELECTOR = YES;
				GCC_WARN_UNINITIALIZED_AUTOS = YES_AGGRESSIVE;
				GCC_WARN_UNUSED_FUNCTION = YES;
				GCC_WARN_UNUSED_VARIABLE = YES;
				IPHONEOS_DEPLOYMENT_TARGET = 9.3;
				MTL_ENABLE_DEBUG_INFO = NO;
				SDKROOT = iphoneos;
				TARGETED_DEVICE_FAMILY = "1,2";
				VALIDATE_PRODUCT = YES;
			};
			name = Release;
		};
		C54764141D2CA13100736B09 /* Debug */ = {
			isa = XCBuildConfiguration;
			buildSettings = {
				ASSETCATALOG_COMPILER_APPICON_NAME = AppIcon;
				CODE_SIGN_IDENTITY = "iPhone Developer";
				"CODE_SIGN_IDENTITY[sdk=iphoneos*]" = "iPhone Developer";
				DEVELOPMENT_TEAM = X4U9VCM9CZ;
				INFOPLIST_FILE = "CCDraggableCard-Master/Info.plist";
				IPHONEOS_DEPLOYMENT_TARGET = 8.0;
				LD_RUNPATH_SEARCH_PATHS = "$(inherited) @executable_path/Frameworks";
				PRODUCT_BUNDLE_IDENTIFIER = com.liuzechen.demo;
				PRODUCT_NAME = "$(TARGET_NAME)";
				PROVISIONING_PROFILE = "";
			};
			name = Debug;
		};
		C54764151D2CA13100736B09 /* Release */ = {
			isa = XCBuildConfiguration;
			buildSettings = {
				ASSETCATALOG_COMPILER_APPICON_NAME = AppIcon;
				CODE_SIGN_IDENTITY = "iPhone Developer";
				"CODE_SIGN_IDENTITY[sdk=iphoneos*]" = "iPhone Developer";
				DEVELOPMENT_TEAM = X4U9VCM9CZ;
				INFOPLIST_FILE = "CCDraggableCard-Master/Info.plist";
				IPHONEOS_DEPLOYMENT_TARGET = 8.0;
				LD_RUNPATH_SEARCH_PATHS = "$(inherited) @executable_path/Frameworks";
				PRODUCT_BUNDLE_IDENTIFIER = com.liuzechen.demo;
				PRODUCT_NAME = "$(TARGET_NAME)";
				PROVISIONING_PROFILE = "";
			};
			name = Release;
		};
		C54764171D2CA13100736B09 /* Debug */ = {
			isa = XCBuildConfiguration;
			buildSettings = {
				BUNDLE_LOADER = "$(TEST_HOST)";
				INFOPLIST_FILE = "CCDraggableCard-MasterTests/Info.plist";
				LD_RUNPATH_SEARCH_PATHS = "$(inherited) @executable_path/Frameworks @loader_path/Frameworks";
				PRODUCT_BUNDLE_IDENTIFIER = "liuzechen.CCDraggableCard-MasterTests";
				PRODUCT_NAME = "$(TARGET_NAME)";
				TEST_HOST = "$(BUILT_PRODUCTS_DIR)/CCDraggableCard-Master.app/CCDraggableCard-Master";
			};
			name = Debug;
		};
		C54764181D2CA13100736B09 /* Release */ = {
			isa = XCBuildConfiguration;
			buildSettings = {
				BUNDLE_LOADER = "$(TEST_HOST)";
				INFOPLIST_FILE = "CCDraggableCard-MasterTests/Info.plist";
				LD_RUNPATH_SEARCH_PATHS = "$(inherited) @executable_path/Frameworks @loader_path/Frameworks";
				PRODUCT_BUNDLE_IDENTIFIER = "liuzechen.CCDraggableCard-MasterTests";
				PRODUCT_NAME = "$(TARGET_NAME)";
				TEST_HOST = "$(BUILT_PRODUCTS_DIR)/CCDraggableCard-Master.app/CCDraggableCard-Master";
			};
			name = Release;
		};
		C547641A1D2CA13100736B09 /* Debug */ = {
			isa = XCBuildConfiguration;
			buildSettings = {
				INFOPLIST_FILE = "CCDraggableCard-MasterUITests/Info.plist";
				LD_RUNPATH_SEARCH_PATHS = "$(inherited) @executable_path/Frameworks @loader_path/Frameworks";
				PRODUCT_BUNDLE_IDENTIFIER = "liuzechen.CCDraggableCard-MasterUITests";
				PRODUCT_NAME = "$(TARGET_NAME)";
				TEST_TARGET_NAME = "CCDraggableCard-Master";
			};
			name = Debug;
		};
		C547641B1D2CA13100736B09 /* Release */ = {
			isa = XCBuildConfiguration;
			buildSettings = {
				INFOPLIST_FILE = "CCDraggableCard-MasterUITests/Info.plist";
				LD_RUNPATH_SEARCH_PATHS = "$(inherited) @executable_path/Frameworks @loader_path/Frameworks";
				PRODUCT_BUNDLE_IDENTIFIER = "liuzechen.CCDraggableCard-MasterUITests";
				PRODUCT_NAME = "$(TARGET_NAME)";
				TEST_TARGET_NAME = "CCDraggableCard-Master";
			};
			name = Release;
		};
/* End XCBuildConfiguration section */

/* Begin XCConfigurationList section */
		C54763E11D2CA13100736B09 /* Build configuration list for PBXProject "CCDraggableCard-Master" */ = {
			isa = XCConfigurationList;
			buildConfigurations = (
				C54764111D2CA13100736B09 /* Debug */,
				C54764121D2CA13100736B09 /* Release */,
			);
			defaultConfigurationIsVisible = 0;
			defaultConfigurationName = Release;
		};
		C54764131D2CA13100736B09 /* Build configuration list for PBXNativeTarget "CCDraggableCard-Master" */ = {
			isa = XCConfigurationList;
			buildConfigurations = (
				C54764141D2CA13100736B09 /* Debug */,
				C54764151D2CA13100736B09 /* Release */,
			);
			defaultConfigurationIsVisible = 0;
			defaultConfigurationName = Release;
		};
		C54764161D2CA13100736B09 /* Build configuration list for PBXNativeTarget "CCDraggableCard-MasterTests" */ = {
			isa = XCConfigurationList;
			buildConfigurations = (
				C54764171D2CA13100736B09 /* Debug */,
				C54764181D2CA13100736B09 /* Release */,
			);
			defaultConfigurationIsVisible = 0;
			defaultConfigurationName = Release;
		};
		C54764191D2CA13100736B09 /* Build configuration list for PBXNativeTarget "CCDraggableCard-MasterUITests" */ = {
			isa = XCConfigurationList;
			buildConfigurations = (
				C547641A1D2CA13100736B09 /* Debug */,
				C547641B1D2CA13100736B09 /* Release */,
			);
			defaultConfigurationIsVisible = 0;
			defaultConfigurationName = Release;
		};
/* End XCConfigurationList section */
	};
	rootObject = C54763DE1D2CA13100736B09 /* Project object */;
}
